{
  "version": 4,
  "terraform_version": "1.14.3",
  "serial": 19,
  "lineage": "4aa04d9b-79e5-c5e0-a6a2-4aa6b7be7c6d",
  "outputs": {
    "app_service_identity": {
      "value": {
        "principal_id": "03d63c61-f350-4d73-b671-b61ae73b080c",
        "tenant_id": "f2ee7762-23e0-46b1-b72e-2489eea41317"
      },
      "type": [
        "object",
        {
          "principal_id": "string",
          "tenant_id": "string"
        }
      ]
    },
    "app_service_url": {
      "value": "https://app-secure-dev-pq5zxa.azurewebsites.net",
      "type": "string"
    },
    "how_to_access_secrets": {
      "value": "Access secrets using Azure CLI:\n    \n1. View secret names:\n   az keyvault secret list --vault-name kv-secure-pq5zxa\n    \n2. Retrieve SQL password:\n   az keyvault secret show --vault-name kv-secure-pq5zxa --name sql-admin-password --query value -o tsv\n    \n3. Retrieve connection string:\n   az keyvault secret show --vault-name kv-secure-pq5zxa --name sql-connection-string --query value -o tsv\n    \nNote: App Service uses Managed Identity - no manual credential management needed!\n",
      "type": "string"
    },
    "key_vault_name": {
      "value": "kv-secure-pq5zxa",
      "type": "string"
    },
    "key_vault_uri": {
      "value": "https://kv-secure-pq5zxa.vault.azure.net/",
      "type": "string"
    },
    "secrets_stored": {
      "value": {
        "sql_connection_string": "sql-connection-string",
        "sql_password": "sql-admin-password",
        "storage_key": "storage-account-key"
      },
      "type": [
        "object",
        {
          "sql_connection_string": "string",
          "sql_password": "string",
          "storage_key": "string"
        }
      ]
    },
    "security_features": {
      "value": {
        "key_vault_integration": true,
        "managed_identity_enabled": true,
        "no_hardcoded_secrets": true,
        "purge_protection": false,
        "rbac_authorization": true,
        "soft_delete_retention": "7 days",
        "tls_version": "1.2"
      },
      "type": [
        "object",
        {
          "key_vault_integration": "bool",
          "managed_identity_enabled": "bool",
          "no_hardcoded_secrets": "bool",
          "purge_protection": "bool",
          "rbac_authorization": "bool",
          "soft_delete_retention": "string",
          "tls_version": "string"
        }
      ]
    },
    "sql_server_fqdn": {
      "value": "sql-secure-dev-pq5zxa.database.windows.net",
      "type": "string"
    }
  },
  "resources": [
    {
      "mode": "data",
      "type": "azurerm_client_config",
      "name": "current",
      "provider": "provider[\"registry.terraform.io/hashicorp/azurerm\"]",
      "instances": [
        {
          "schema_version": 0,
          "attributes": {
            "client_id": "874fe249-7935-4bc4-adbe-142e94f2927b",
            "id": "Y2xpZW50Q29uZmlncy9jbGllbnRJZD04NzRmZTI0OS03OTM1LTRiYzQtYWRiZS0xNDJlOTRmMjkyN2I7b2JqZWN0SWQ9MGJkODUzZTktNDQzOS00NWY0LTlmYjAtMTliMmM5OTkyNjkxO3N1YnNjcmlwdGlvbklkPTE5NjQ0ODc0LTNlMWMtNGY0YS04ZDVmLTI5MDE3NjliZjZhNzt0ZW5hbnRJZD1mMmVlNzc2Mi0yM2UwLTQ2YjEtYjcyZS0yNDg5ZWVhNDEzMTc=",
            "object_id": "0bd853e9-4439-45f4-9fb0-19b2c9992691",
            "subscription_id": "19644874-3e1c-4f4a-8d5f-2901769bf6a7",
            "tenant_id": "f2ee7762-23e0-46b1-b72e-2489eea41317",
            "timeouts": null
          },
          "sensitive_attributes": [],
          "identity_schema_version": 0
        }
      ]
    },
    {
      "mode": "managed",
      "type": "azurerm_key_vault",
      "name": "main",
      "provider": "provider[\"registry.terraform.io/hashicorp/azurerm\"]",
      "instances": [
        {
          "schema_version": 2,
          "attributes": {
            "access_policy": [],
            "contact": [],
            "enable_rbac_authorization": true,
            "enabled_for_deployment": false,
            "enabled_for_disk_encryption": false,
            "enabled_for_template_deployment": false,
            "id": "/subscriptions/19644874-3e1c-4f4a-8d5f-2901769bf6a7/resourceGroups/rg-secure-dev/providers/Microsoft.KeyVault/vaults/kv-secure-pq5zxa",
            "location": "canadacentral",
            "name": "kv-secure-pq5zxa",
            "network_acls": [
              {
                "bypass": "AzureServices",
                "default_action": "Allow",
                "ip_rules": [],
                "virtual_network_subnet_ids": []
              }
            ],
            "public_network_access_enabled": true,
            "purge_protection_enabled": false,
            "rbac_authorization_enabled": true,
            "resource_group_name": "rg-secure-dev",
            "sku_name": "standard",
            "soft_delete_retention_days": 7,
            "tags": {
              "Day": "17",
              "Environment": "dev",
              "ManagedBy": "Terraform",
              "Owner": "Solutions Architect",
              "Project": "secure",
              "Security": "KeyVault-Enabled"
            },
            "tenant_id": "f2ee7762-23e0-46b1-b72e-2489eea41317",
            "timeouts": null,
            "vault_uri": "https://kv-secure-pq5zxa.vault.azure.net/"
          },
          "sensitive_attributes": [],
          "identity_schema_version": 0,
          "private": "eyJlMmJmYjczMC1lY2FhLTExZTYtOGY4OC0zNDM2M2JjN2M0YzAiOnsiY3JlYXRlIjoxODAwMDAwMDAwMDAwLCJkZWxldGUiOjE4MDAwMDAwMDAwMDAsInJlYWQiOjMwMDAwMDAwMDAwMCwidXBkYXRlIjoxODAwMDAwMDAwMDAwfSwic2NoZW1hX3ZlcnNpb24iOiIyIn0=",
          "dependencies": [
            "azurerm_resource_group.main",
            "data.azurerm_client_config.current",
            "random_string.unique"
          ]
        }
      ]
    },
    {
      "mode": "managed",
      "type": "azurerm_key_vault_secret",
      "name": "sql_connection_string",
      "provider": "provider[\"registry.terraform.io/hashicorp/azurerm\"]",
      "instances": [
        {
          "schema_version": 0,
          "attributes": {
            "content_type": "",
            "expiration_date": "",
            "id": "https://kv-secure-pq5zxa.vault.azure.net/secrets/sql-connection-string/120c56051fd047fb9b026caa7a7db0c6",
            "key_vault_id": "/subscriptions/19644874-3e1c-4f4a-8d5f-2901769bf6a7/resourceGroups/rg-secure-dev/providers/Microsoft.KeyVault/vaults/kv-secure-pq5zxa",
            "name": "sql-connection-string",
            "not_before_date": "",
            "resource_id": "/subscriptions/19644874-3e1c-4f4a-8d5f-2901769bf6a7/resourceGroups/rg-secure-dev/providers/Microsoft.KeyVault/vaults/kv-secure-pq5zxa/secrets/sql-connection-string/versions/120c56051fd047fb9b026caa7a7db0c6",
            "resource_versionless_id": "/subscriptions/19644874-3e1c-4f4a-8d5f-2901769bf6a7/resourceGroups/rg-secure-dev/providers/Microsoft.KeyVault/vaults/kv-secure-pq5zxa/secrets/sql-connection-string",
            "tags": {
              "Day": "17",
              "Environment": "dev",
              "ManagedBy": "Terraform",
              "Owner": "Solutions Architect",
              "Project": "secure",
              "Security": "KeyVault-Enabled"
            },
            "timeouts": null,
            "value": "Server=tcp:sql-secure-dev-pq5zxa.database.windows.net,1433;Initial Catalog=sqldb-secure-dev;Persist Security Info=False;User ID=sqladmin;Password=W37#2S(a4y3LtSqU\u003eYIyq[k-;MultipleActiveResultSets=False;Encrypt=True;TrustServerCertificate=False;Connection Timeout=30;",
            "value_wo": null,
            "value_wo_version": 0,
            "version": "120c56051fd047fb9b026caa7a7db0c6",
            "versionless_id": "https://kv-secure-pq5zxa.vault.azure.net/secrets/sql-connection-string"
          },
          "sensitive_attributes": [
            [
              {
                "type": "get_attr",
                "value": "value"
              }
            ]
          ],
          "identity_schema_version": 0,
          "private": "eyJlMmJmYjczMC1lY2FhLTExZTYtOGY4OC0zNDM2M2JjN2M0YzAiOnsiY3JlYXRlIjoxODAwMDAwMDAwMDAwLCJkZWxldGUiOjE4MDAwMDAwMDAwMDAsInJlYWQiOjE4MDAwMDAwMDAwMDAsInVwZGF0ZSI6MTgwMDAwMDAwMDAwMH19",
          "dependencies": [
            "azurerm_key_vault.main",
            "azurerm_mssql_database.main",
            "azurerm_mssql_server.main",
            "azurerm_resource_group.main",
            "azurerm_role_assignment.current_user_kv_admin",
            "data.azurerm_client_config.current",
            "random_password.sql_password",
            "random_string.unique"
          ]
        }
      ]
    },
    {
      "mode": "managed",
      "type": "azurerm_key_vault_secret",
      "name": "sql_password",
      "provider": "provider[\"registry.terraform.io/hashicorp/azurerm\"]",
      "instances": [
        {
          "schema_version": 0,
          "attributes": {
            "content_type": "",
            "expiration_date": "",
            "id": "https://kv-secure-pq5zxa.vault.azure.net/secrets/sql-admin-password/7f8daf40b780431099a19429a0b3ba62",
            "key_vault_id": "/subscriptions/19644874-3e1c-4f4a-8d5f-2901769bf6a7/resourceGroups/rg-secure-dev/providers/Microsoft.KeyVault/vaults/kv-secure-pq5zxa",
            "name": "sql-admin-password",
            "not_before_date": "",
            "resource_id": "/subscriptions/19644874-3e1c-4f4a-8d5f-2901769bf6a7/resourceGroups/rg-secure-dev/providers/Microsoft.KeyVault/vaults/kv-secure-pq5zxa/secrets/sql-admin-password/versions/7f8daf40b780431099a19429a0b3ba62",
            "resource_versionless_id": "/subscriptions/19644874-3e1c-4f4a-8d5f-2901769bf6a7/resourceGroups/rg-secure-dev/providers/Microsoft.KeyVault/vaults/kv-secure-pq5zxa/secrets/sql-admin-password",
            "tags": {
              "Day": "17",
              "Environment": "dev",
              "ManagedBy": "Terraform",
              "Owner": "Solutions Architect",
              "Project": "secure",
              "Security": "KeyVault-Enabled"
            },
            "timeouts": null,
            "value": "W37#2S(a4y3LtSqU\u003eYIyq[k-",
            "value_wo": null,
            "value_wo_version": 0,
            "version": "7f8daf40b780431099a19429a0b3ba62",
            "versionless_id": "https://kv-secure-pq5zxa.vault.azure.net/secrets/sql-admin-password"
          },
          "sensitive_attributes": [
            [
              {
                "type": "get_attr",
                "value": "value"
              }
            ]
          ],
          "identity_schema_version": 0,
          "private": "eyJlMmJmYjczMC1lY2FhLTExZTYtOGY4OC0zNDM2M2JjN2M0YzAiOnsiY3JlYXRlIjoxODAwMDAwMDAwMDAwLCJkZWxldGUiOjE4MDAwMDAwMDAwMDAsInJlYWQiOjE4MDAwMDAwMDAwMDAsInVwZGF0ZSI6MTgwMDAwMDAwMDAwMH19",
          "dependencies": [
            "azurerm_key_vault.main",
            "azurerm_resource_group.main",
            "azurerm_role_assignment.current_user_kv_admin",
            "data.azurerm_client_config.current",
            "random_password.sql_password",
            "random_string.unique"
          ]
        }
      ]
    },
    {
      "mode": "managed",
      "type": "azurerm_key_vault_secret",
      "name": "storage_key",
      "provider": "provider[\"registry.terraform.io/hashicorp/azurerm\"]",
      "instances": [
        {
          "schema_version": 0,
          "attributes": {
            "content_type": "",
            "expiration_date": "",
            "id": "https://kv-secure-pq5zxa.vault.azure.net/secrets/storage-account-key/9bf0a5eac5de4ec49faa00a86fc6764e",
            "key_vault_id": "/subscriptions/19644874-3e1c-4f4a-8d5f-2901769bf6a7/resourceGroups/rg-secure-dev/providers/Microsoft.KeyVault/vaults/kv-secure-pq5zxa",
            "name": "storage-account-key",
            "not_before_date": "",
            "resource_id": "/subscriptions/19644874-3e1c-4f4a-8d5f-2901769bf6a7/resourceGroups/rg-secure-dev/providers/Microsoft.KeyVault/vaults/kv-secure-pq5zxa/secrets/storage-account-key/versions/9bf0a5eac5de4ec49faa00a86fc6764e",
            "resource_versionless_id": "/subscriptions/19644874-3e1c-4f4a-8d5f-2901769bf6a7/resourceGroups/rg-secure-dev/providers/Microsoft.KeyVault/vaults/kv-secure-pq5zxa/secrets/storage-account-key",
            "tags": {
              "Day": "17",
              "Environment": "dev",
              "ManagedBy": "Terraform",
              "Owner": "Solutions Architect",
              "Project": "secure",
              "Security": "KeyVault-Enabled"
            },
            "timeouts": null,
            "value": "j/RbtgN+GZcrnVsllrM/lgfLogfNiAKtUzD6BaRxEan0gDG1iQ1C6g676dLVyDQJpi4DkFEbSSwX+AStL6I+LA==",
            "value_wo": null,
            "value_wo_version": 0,
            "version": "9bf0a5eac5de4ec49faa00a86fc6764e",
            "versionless_id": "https://kv-secure-pq5zxa.vault.azure.net/secrets/storage-account-key"
          },
          "sensitive_attributes": [
            [
              {
                "type": "get_attr",
                "value": "value"
              }
            ]
          ],
          "identity_schema_version": 0,
          "private": "eyJlMmJmYjczMC1lY2FhLTExZTYtOGY4OC0zNDM2M2JjN2M0YzAiOnsiY3JlYXRlIjoxODAwMDAwMDAwMDAwLCJkZWxldGUiOjE4MDAwMDAwMDAwMDAsInJlYWQiOjE4MDAwMDAwMDAwMDAsInVwZGF0ZSI6MTgwMDAwMDAwMDAwMH19",
          "dependencies": [
            "azurerm_key_vault.main",
            "azurerm_resource_group.main",
            "azurerm_role_assignment.current_user_kv_admin",
            "azurerm_storage_account.main",
            "data.azurerm_client_config.current",
            "random_string.unique"
          ]
        }
      ]
    },
    {
      "mode": "managed",
      "type": "azurerm_linux_web_app",
      "name": "main",
      "provider": "provider[\"registry.terraform.io/hashicorp/azurerm\"]",
      "instances": [
        {
          "schema_version": 1,
          "attributes": {
            "app_settings": {
              "ENVIRONMENT": "dev",
              "KEY_VAULT_NAME": "kv-secure-pq5zxa",
              "KEY_VAULT_URI": "https://kv-secure-pq5zxa.vault.azure.net/",
              "SQL_CONNECTION_STRING": "@Microsoft.KeyVault(SecretUri=https://kv-secure-pq5zxa.vault.azure.net/secrets/sql-connection-string/120c56051fd047fb9b026caa7a7db0c6)"
            },
            "auth_settings": [
              {
                "active_directory": [],
                "additional_login_parameters": {},
                "allowed_external_redirect_urls": [],
                "default_provider": "",
                "enabled": false,
                "facebook": [],
                "github": [],
                "google": [],
                "issuer": "",
                "microsoft": [],
                "runtime_version": "",
                "token_refresh_extension_hours": 0,
                "token_store_enabled": false,
                "twitter": [],
                "unauthenticated_client_action": ""
              }
            ],
            "auth_settings_v2": [],
            "backup": [],
            "client_affinity_enabled": false,
            "client_certificate_enabled": false,
            "client_certificate_exclusion_paths": "",
            "client_certificate_mode": "Required",
            "connection_string": [],
            "custom_domain_verification_id": "286F858B5E12BD99A033E680B29A9EEF00613395A29F928A3346EE6528E306D0",
            "default_hostname": "app-secure-dev-pq5zxa.azurewebsites.net",
            "enabled": true,
            "ftp_publish_basic_authentication_enabled": true,
            "hosting_environment_id": "",
            "https_only": false,
            "id": "/subscriptions/19644874-3e1c-4f4a-8d5f-2901769bf6a7/resourceGroups/rg-secure-dev/providers/Microsoft.Web/sites/app-secure-dev-pq5zxa",
            "identity": [
              {
                "identity_ids": null,
                "principal_id": "03d63c61-f350-4d73-b671-b61ae73b080c",
                "tenant_id": "f2ee7762-23e0-46b1-b72e-2489eea41317",
                "type": "SystemAssigned"
              }
            ],
            "key_vault_reference_identity_id": "SystemAssigned",
            "kind": "app,linux",
            "location": "canadacentral",
            "logs": [],
            "name": "app-secure-dev-pq5zxa",
            "outbound_ip_address_list": [
              "20.175.198.203",
              "20.175.198.211",
              "20.175.198.231",
              "20.175.198.236",
              "20.175.198.239",
              "20.175.198.245",
              "20.175.193.1",
              "20.175.193.92",
              "20.175.194.153",
              "20.175.196.78",
              "20.175.197.94",
              "20.175.197.177",
              "20.48.204.4"
            ],
            "outbound_ip_addresses": "20.175.198.203,20.175.198.211,20.175.198.231,20.175.198.236,20.175.198.239,20.175.198.245,20.175.193.1,20.175.193.92,20.175.194.153,20.175.196.78,20.175.197.94,20.175.197.177,20.48.204.4",
            "possible_outbound_ip_address_list": [
              "20.175.198.203",
              "20.175.198.211",
              "20.175.198.231",
              "20.175.198.236",
              "20.175.198.239",
              "20.175.198.245",
              "20.175.193.1",
              "20.175.193.92",
              "20.175.194.153",
              "20.175.196.78",
              "20.175.197.94",
              "20.175.197.177",
              "20.175.197.196",
              "20.175.197.244",
              "20.175.198.1",
              "20.175.198.21",
              "20.175.198.42",
              "20.175.198.90",
              "20.175.198.133",
              "20.175.198.155",
              "20.175.198.163",
              "20.175.198.186",
              "20.175.198.191",
              "20.175.198.195",
              "20.175.199.39",
              "20.175.199.48",
              "20.175.199.53",
              "20.175.199.91",
              "20.175.199.210",
              "20.175.199.214",
              "20.48.204.4"
            ],
            "possible_outbound_ip_addresses": "20.175.198.203,20.175.198.211,20.175.198.231,20.175.198.236,20.175.198.239,20.175.198.245,20.175.193.1,20.175.193.92,20.175.194.153,20.175.196.78,20.175.197.94,20.175.197.177,20.175.197.196,20.175.197.244,20.175.198.1,20.175.198.21,20.175.198.42,20.175.198.90,20.175.198.133,20.175.198.155,20.175.198.163,20.175.198.186,20.175.198.191,20.175.198.195,20.175.199.39,20.175.199.48,20.175.199.53,20.175.199.91,20.175.199.210,20.175.199.214,20.48.204.4",
            "public_network_access_enabled": true,
            "resource_group_name": "rg-secure-dev",
            "service_plan_id": "/subscriptions/19644874-3e1c-4f4a-8d5f-2901769bf6a7/resourceGroups/rg-secure-dev/providers/Microsoft.Web/serverFarms/asp-secure-dev",
            "site_config": [
              {
                "always_on": true,
                "api_definition_url": "",
                "api_management_api_id": "",
                "app_command_line": "",
                "application_stack": [
                  {
                    "docker_image_name": "",
                    "docker_registry_password": "",
                    "docker_registry_url": "",
                    "docker_registry_username": "",
                    "dotnet_version": "8.0",
                    "go_version": "",
                    "java_server": "",
                    "java_server_version": "",
                    "java_version": "",
                    "node_version": "",
                    "php_version": "",
                    "python_version": "",
                    "ruby_version": ""
                  }
                ],
                "auto_heal_setting": [],
                "container_registry_managed_identity_client_id": "",
                "container_registry_use_managed_identity": false,
                "cors": [],
                "default_documents": [
                  "Default.htm",
                  "Default.html",
                  "Default.asp",
                  "index.htm",
                  "index.html",
                  "iisstart.htm",
                  "default.aspx",
                  "index.php",
                  "hostingstart.html"
                ],
                "detailed_error_logging_enabled": false,
                "ftps_state": "Disabled",
                "health_check_eviction_time_in_min": 0,
                "health_check_path": "",
                "http2_enabled": true,
                "ip_restriction": [],
                "ip_restriction_default_action": "Allow",
                "linux_fx_version": "DOTNETCORE|8.0",
                "load_balancing_mode": "LeastRequests",
                "local_mysql_enabled": false,
                "managed_pipeline_mode": "Integrated",
                "minimum_tls_version": "1.2",
                "remote_debugging_enabled": false,
                "remote_debugging_version": "VS2022",
                "scm_ip_restriction": [],
                "scm_ip_restriction_default_action": "Allow",
                "scm_minimum_tls_version": "1.2",
                "scm_type": "None",
                "scm_use_main_ip_restriction": false,
                "use_32_bit_worker": true,
                "vnet_route_all_enabled": false,
                "websockets_enabled": false,
                "worker_count": 1
              }
            ],
            "site_credential": [
              {
                "name": "$app-secure-dev-pq5zxa",
                "password": "9ZX8Z0DagCNM8BKpWqgT1W5cw1zE3up0rpKY9mkBynW56bMq6mHsmjMHWqry"
              }
            ],
            "sticky_settings": [],
            "storage_account": [],
            "tags": {
              "Day": "17",
              "Environment": "dev",
              "ManagedBy": "Terraform",
              "Owner": "Solutions Architect",
              "Project": "secure",
              "Security": "KeyVault-Enabled"
            },
            "timeouts": null,
            "virtual_network_backup_restore_enabled": false,
            "virtual_network_subnet_id": "",
            "vnet_image_pull_enabled": false,
            "webdeploy_publish_basic_authentication_enabled": true,
            "zip_deploy_file": ""
          },
          "sensitive_attributes": [
            [
              {
                "type": "get_attr",
                "value": "custom_domain_verification_id"
              }
            ],
            [
              {
                "type": "get_attr",
                "value": "site_config"
              },
              {
                "type": "index",
                "value": {
                  "value": 0,
                  "type": "number"
                }
              },
              {
                "type": "get_attr",
                "value": "application_stack"
              },
              {
                "type": "index",
                "value": {
                  "value": 0,
                  "type": "number"
                }
              },
              {
                "type": "get_attr",
                "value": "docker_registry_password"
              }
            ],
            [
              {
                "type": "get_attr",
                "value": "site_credential"
              }
            ]
          ],
          "identity_schema_version": 0,
          "private": "eyJlMmJmYjczMC1lY2FhLTExZTYtOGY4OC0zNDM2M2JjN2M0YzAiOnsiY3JlYXRlIjoxODAwMDAwMDAwMDAwLCJkZWxldGUiOjE4MDAwMDAwMDAwMDAsInJlYWQiOjMwMDAwMDAwMDAwMCwidXBkYXRlIjoxODAwMDAwMDAwMDAwfSwic2NoZW1hX3ZlcnNpb24iOiIxIn0=",
          "dependencies": [
            "azurerm_key_vault.main",
            "azurerm_key_vault_secret.sql_connection_string",
            "azurerm_mssql_database.main",
            "azurerm_mssql_server.main",
            "azurerm_resource_group.main",
            "azurerm_role_assignment.current_user_kv_admin",
            "azurerm_service_plan.main",
            "data.azurerm_client_config.current",
            "random_password.sql_password",
            "random_string.unique"
          ]
        }
      ]
    },
    {
      "mode": "managed",
      "type": "azurerm_mssql_database",
      "name": "main",
      "provider": "provider[\"registry.terraform.io/hashicorp/azurerm\"]",
      "instances": [
        {
          "schema_version": 1,
          "attributes": {
            "auto_pause_delay_in_minutes": 0,
            "collation": "SQL_Latin1_General_CP1_CI_AS",
            "create_mode": "Default",
            "creation_source_database_id": null,
            "elastic_pool_id": "",
            "enclave_type": "",
            "geo_backup_enabled": true,
            "id": "/subscriptions/19644874-3e1c-4f4a-8d5f-2901769bf6a7/resourceGroups/rg-secure-dev/providers/Microsoft.Sql/servers/sql-secure-dev-pq5zxa/databases/sqldb-secure-dev",
            "identity": [],
            "import": [],
            "ledger_enabled": false,
            "license_type": "",
            "long_term_retention_policy": [
              {
                "immutable_backups_enabled": false,
                "monthly_retention": "PT0S",
                "week_of_year": 1,
                "weekly_retention": "PT0S",
                "yearly_retention": "PT0S"
              }
            ],
            "maintenance_configuration_name": "SQL_Default",
            "max_size_gb": 2,
            "min_capacity": 0,
            "name": "sqldb-secure-dev",
            "read_replica_count": 0,
            "read_scale": false,
            "recover_database_id": null,
            "recovery_point_id": null,
            "restore_dropped_database_id": null,
            "restore_long_term_retention_backup_id": null,
            "restore_point_in_time": null,
            "sample_name": null,
            "secondary_type": "",
            "server_id": "/subscriptions/19644874-3e1c-4f4a-8d5f-2901769bf6a7/resourceGroups/rg-secure-dev/providers/Microsoft.Sql/servers/sql-secure-dev-pq5zxa",
            "short_term_retention_policy": [
              {
                "backup_interval_in_hours": 24,
                "retention_days": 7
              }
            ],
            "sku_name": "Basic",
            "storage_account_type": "Geo",
            "tags": {
              "Day": "17",
              "Environment": "dev",
              "ManagedBy": "Terraform",
              "Owner": "Solutions Architect",
              "Project": "secure",
              "Security": "KeyVault-Enabled"
            },
            "threat_detection_policy": [
              {
                "disabled_alerts": [],
                "email_account_admins": "Disabled",
                "email_addresses": [],
                "retention_days": 0,
                "state": "Disabled",
                "storage_account_access_key": "",
                "storage_endpoint": ""
              }
            ],
            "timeouts": null,
            "transparent_data_encryption_enabled": true,
            "transparent_data_encryption_key_automatic_rotation_enabled": false,
            "transparent_data_encryption_key_vault_key_id": "",
            "zone_redundant": false
          },
          "sensitive_attributes": [
            [
              {
                "type": "get_attr",
                "value": "threat_detection_policy"
              },
              {
                "type": "index",
                "value": {
                  "value": 0,
                  "type": "number"
                }
              },
              {
                "type": "get_attr",
                "value": "storage_account_access_key"
              }
            ]
          ],
          "identity_schema_version": 0,
          "private": "eyJlMmJmYjczMC1lY2FhLTExZTYtOGY4OC0zNDM2M2JjN2M0YzAiOnsiY3JlYXRlIjozNjAwMDAwMDAwMDAwLCJkZWxldGUiOjM2MDAwMDAwMDAwMDAsInJlYWQiOjMwMDAwMDAwMDAwMCwidXBkYXRlIjozNjAwMDAwMDAwMDAwfSwic2NoZW1hX3ZlcnNpb24iOiIxIn0=",
          "dependencies": [
            "azurerm_mssql_server.main",
            "azurerm_resource_group.main",
            "data.azurerm_client_config.current",
            "random_password.sql_password",
            "random_string.unique"
          ]
        }
      ]
    },
    {
      "mode": "managed",
      "type": "azurerm_mssql_server",
      "name": "main",
      "provider": "provider[\"registry.terraform.io/hashicorp/azurerm\"]",
      "instances": [
        {
          "schema_version": 0,
          "attributes": {
            "administrator_login": "sqladmin",
            "administrator_login_password": "W37#2S(a4y3LtSqU\u003eYIyq[k-",
            "administrator_login_password_wo": null,
            "administrator_login_password_wo_version": 0,
            "azuread_administrator": [
              {
                "azuread_authentication_only": false,
                "login_username": "0bd853e9-4439-45f4-9fb0-19b2c9992691",
                "object_id": "0bd853e9-4439-45f4-9fb0-19b2c9992691",
                "tenant_id": "f2ee7762-23e0-46b1-b72e-2489eea41317"
              }
            ],
            "connection_policy": "Default",
            "express_vulnerability_assessment_enabled": false,
            "fully_qualified_domain_name": "sql-secure-dev-pq5zxa.database.windows.net",
            "id": "/subscriptions/19644874-3e1c-4f4a-8d5f-2901769bf6a7/resourceGroups/rg-secure-dev/providers/Microsoft.Sql/servers/sql-secure-dev-pq5zxa",
            "identity": [],
            "location": "canadacentral",
            "minimum_tls_version": "1.2",
            "name": "sql-secure-dev-pq5zxa",
            "outbound_network_restriction_enabled": false,
            "primary_user_assigned_identity_id": "",
            "public_network_access_enabled": true,
            "resource_group_name": "rg-secure-dev",
            "restorable_dropped_database_ids": [],
            "tags": {
              "Day": "17",
              "Environment": "dev",
              "ManagedBy": "Terraform",
              "Owner": "Solutions Architect",
              "Project": "secure",
              "Security": "KeyVault-Enabled"
            },
            "timeouts": null,
            "transparent_data_encryption_key_vault_key_id": "",
            "version": "12.0"
          },
          "sensitive_attributes": [
            [
              {
                "type": "get_attr",
                "value": "administrator_login"
              }
            ],
            [
              {
                "type": "get_attr",
                "value": "administrator_login_password"
              }
            ],
            [
              {
                "type": "get_attr",
                "value": "administrator_login_password_wo"
              }
            ]
          ],
          "identity_schema_version": 0,
          "identity": {
            "name": "sql-secure-dev-pq5zxa",
            "resource_group_name": "rg-secure-dev",
            "subscription_id": "19644874-3e1c-4f4a-8d5f-2901769bf6a7"
          },
          "private": "eyJlMmJmYjczMC1lY2FhLTExZTYtOGY4OC0zNDM2M2JjN2M0YzAiOnsiY3JlYXRlIjozNjAwMDAwMDAwMDAwLCJkZWxldGUiOjM2MDAwMDAwMDAwMDAsInJlYWQiOjMwMDAwMDAwMDAwMCwidXBkYXRlIjozNjAwMDAwMDAwMDAwfX0=",
          "dependencies": [
            "azurerm_resource_group.main",
            "data.azurerm_client_config.current",
            "random_password.sql_password",
            "random_string.unique"
          ]
        }
      ]
    },
    {
      "mode": "managed",
      "type": "azurerm_resource_group",
      "name": "main",
      "provider": "provider[\"registry.terraform.io/hashicorp/azurerm\"]",
      "instances": [
        {
          "schema_version": 0,
          "attributes": {
            "id": "/subscriptions/19644874-3e1c-4f4a-8d5f-2901769bf6a7/resourceGroups/rg-secure-dev",
            "location": "canadacentral",
            "managed_by": "",
            "name": "rg-secure-dev",
            "tags": {
              "Day": "17",
              "Environment": "dev",
              "ManagedBy": "Terraform",
              "Owner": "Solutions Architect",
              "Project": "secure",
              "Security": "KeyVault-Enabled"
            },
            "timeouts": null
          },
          "sensitive_attributes": [],
          "identity_schema_version": 0,
          "identity": {
            "name": "rg-secure-dev",
            "subscription_id": "19644874-3e1c-4f4a-8d5f-2901769bf6a7"
          },
          "private": "eyJlMmJmYjczMC1lY2FhLTExZTYtOGY4OC0zNDM2M2JjN2M0YzAiOnsiY3JlYXRlIjo1NDAwMDAwMDAwMDAwLCJkZWxldGUiOjU0MDAwMDAwMDAwMDAsInJlYWQiOjMwMDAwMDAwMDAwMCwidXBkYXRlIjo1NDAwMDAwMDAwMDAwfX0="
        }
      ]
    },
    {
      "mode": "managed",
      "type": "azurerm_role_assignment",
      "name": "app_kv_secrets_user",
      "provider": "provider[\"registry.terraform.io/hashicorp/azurerm\"]",
      "instances": [
        {
          "schema_version": 0,
          "attributes": {
            "condition": "",
            "condition_version": "",
            "delegated_managed_identity_resource_id": "",
            "description": "",
            "id": "/subscriptions/19644874-3e1c-4f4a-8d5f-2901769bf6a7/resourceGroups/rg-secure-dev/providers/Microsoft.KeyVault/vaults/kv-secure-pq5zxa/providers/Microsoft.Authorization/roleAssignments/fe7ee779-5e72-1eb3-2c15-ec35becfa8c3",
            "name": "fe7ee779-5e72-1eb3-2c15-ec35becfa8c3",
            "principal_id": "03d63c61-f350-4d73-b671-b61ae73b080c",
            "principal_type": "ServicePrincipal",
            "role_definition_id": "/subscriptions/19644874-3e1c-4f4a-8d5f-2901769bf6a7/providers/Microsoft.Authorization/roleDefinitions/4633458b-17de-408a-b874-0445c86b69e6",
            "role_definition_name": "Key Vault Secrets User",
            "scope": "/subscriptions/19644874-3e1c-4f4a-8d5f-2901769bf6a7/resourceGroups/rg-secure-dev/providers/Microsoft.KeyVault/vaults/kv-secure-pq5zxa",
            "skip_service_principal_aad_check": null,
            "timeouts": null
          },
          "sensitive_attributes": [],
          "identity_schema_version": 0,
          "private": "eyJlMmJmYjczMC1lY2FhLTExZTYtOGY4OC0zNDM2M2JjN2M0YzAiOnsiY3JlYXRlIjoxODAwMDAwMDAwMDAwLCJkZWxldGUiOjE4MDAwMDAwMDAwMDAsInJlYWQiOjMwMDAwMDAwMDAwMH19",
          "dependencies": [
            "azurerm_key_vault.main",
            "azurerm_key_vault_secret.sql_connection_string",
            "azurerm_linux_web_app.main",
            "azurerm_mssql_database.main",
            "azurerm_mssql_server.main",
            "azurerm_resource_group.main",
            "azurerm_role_assignment.current_user_kv_admin",
            "azurerm_service_plan.main",
            "data.azurerm_client_config.current",
            "random_password.sql_password",
            "random_string.unique"
          ]
        }
      ]
    },
    {
      "mode": "managed",
      "type": "azurerm_role_assignment",
      "name": "current_user_kv_admin",
      "provider": "provider[\"registry.terraform.io/hashicorp/azurerm\"]",
      "instances": [
        {
          "schema_version": 0,
          "attributes": {
            "condition": "",
            "condition_version": "",
            "delegated_managed_identity_resource_id": "",
            "description": "",
            "id": "/subscriptions/19644874-3e1c-4f4a-8d5f-2901769bf6a7/resourceGroups/rg-secure-dev/providers/Microsoft.KeyVault/vaults/kv-secure-pq5zxa/providers/Microsoft.Authorization/roleAssignments/b0057535-fd4c-589d-0d51-52cd8b3e54fb",
            "name": "b0057535-fd4c-589d-0d51-52cd8b3e54fb",
            "principal_id": "0bd853e9-4439-45f4-9fb0-19b2c9992691",
            "principal_type": "ServicePrincipal",
            "role_definition_id": "/subscriptions/19644874-3e1c-4f4a-8d5f-2901769bf6a7/providers/Microsoft.Authorization/roleDefinitions/00482a5a-887f-4fb3-b363-3b7fe8e74483",
            "role_definition_name": "Key Vault Administrator",
            "scope": "/subscriptions/19644874-3e1c-4f4a-8d5f-2901769bf6a7/resourceGroups/rg-secure-dev/providers/Microsoft.KeyVault/vaults/kv-secure-pq5zxa",
            "skip_service_principal_aad_check": null,
            "timeouts": null
          },
          "sensitive_attributes": [],
          "identity_schema_version": 0,
          "private": "eyJlMmJmYjczMC1lY2FhLTExZTYtOGY4OC0zNDM2M2JjN2M0YzAiOnsiY3JlYXRlIjoxODAwMDAwMDAwMDAwLCJkZWxldGUiOjE4MDAwMDAwMDAwMDAsInJlYWQiOjMwMDAwMDAwMDAwMH19",
          "dependencies": [
            "azurerm_key_vault.main",
            "azurerm_resource_group.main",
            "data.azurerm_client_config.current",
            "random_string.unique"
          ]
        }
      ]
    },
    {
      "mode": "managed",
      "type": "azurerm_service_plan",
      "name": "main",
      "provider": "provider[\"registry.terraform.io/hashicorp/azurerm\"]",
      "instances": [
        {
          "schema_version": 1,
          "attributes": {
            "app_service_environment_id": "",
            "id": "/subscriptions/19644874-3e1c-4f4a-8d5f-2901769bf6a7/resourceGroups/rg-secure-dev/providers/Microsoft.Web/serverFarms/asp-secure-dev",
            "kind": "linux",
            "location": "canadacentral",
            "maximum_elastic_worker_count": 1,
            "name": "asp-secure-dev",
            "os_type": "Linux",
            "per_site_scaling_enabled": false,
            "premium_plan_auto_scale_enabled": false,
            "reserved": true,
            "resource_group_name": "rg-secure-dev",
            "sku_name": "B1",
            "tags": {
              "Day": "17",
              "Environment": "dev",
              "ManagedBy": "Terraform",
              "Owner": "Solutions Architect",
              "Project": "secure",
              "Security": "KeyVault-Enabled"
            },
            "timeouts": null,
            "worker_count": 1,
            "zone_balancing_enabled": false
          },
          "sensitive_attributes": [],
          "identity_schema_version": 0,
          "private": "eyJlMmJmYjczMC1lY2FhLTExZTYtOGY4OC0zNDM2M2JjN2M0YzAiOnsiY3JlYXRlIjozNjAwMDAwMDAwMDAwLCJkZWxldGUiOjM2MDAwMDAwMDAwMDAsInJlYWQiOjMwMDAwMDAwMDAwMCwidXBkYXRlIjozNjAwMDAwMDAwMDAwfSwic2NoZW1hX3ZlcnNpb24iOiIxIn0=",
          "dependencies": [
            "azurerm_resource_group.main"
          ]
        }
      ]
    },
    {
      "mode": "managed",
      "type": "azurerm_storage_account",
      "name": "main",
      "provider": "provider[\"registry.terraform.io/hashicorp/azurerm\"]",
      "instances": [
        {
          "schema_version": 4,
          "attributes": {
            "access_tier": "Hot",
            "account_kind": "StorageV2",
            "account_replication_type": "LRS",
            "account_tier": "Standard",
            "allow_nested_items_to_be_public": false,
            "allowed_copy_scope": "",
            "azure_files_authentication": [],
            "blob_properties": [
              {
                "change_feed_enabled": false,
                "change_feed_retention_in_days": 0,
                "container_delete_retention_policy": [],
                "cors_rule": [],
                "default_service_version": "",
                "delete_retention_policy": [],
                "last_access_time_enabled": false,
                "restore_policy": [],
                "versioning_enabled": false
              }
            ],
            "cross_tenant_replication_enabled": false,
            "custom_domain": [],
            "customer_managed_key": [],
            "default_to_oauth_authentication": false,
            "dns_endpoint_type": "Standard",
            "edge_zone": "",
            "https_traffic_only_enabled": true,
            "id": "/subscriptions/19644874-3e1c-4f4a-8d5f-2901769bf6a7/resourceGroups/rg-secure-dev/providers/Microsoft.Storage/storageAccounts/stsecurepq5zxa",
            "identity": [],
            "immutability_policy": [],
            "infrastructure_encryption_enabled": false,
            "is_hns_enabled": false,
            "large_file_share_enabled": false,
            "local_user_enabled": true,
            "location": "canadacentral",
            "min_tls_version": "TLS1_2",
            "name": "stsecurepq5zxa",
            "network_rules": [],
            "nfsv3_enabled": false,
            "primary_access_key": "j/RbtgN+GZcrnVsllrM/lgfLogfNiAKtUzD6BaRxEan0gDG1iQ1C6g676dLVyDQJpi4DkFEbSSwX+AStL6I+LA==",
            "primary_blob_connection_string": "DefaultEndpointsProtocol=https;BlobEndpoint=https://stsecurepq5zxa.blob.core.windows.net/;AccountName=stsecurepq5zxa;AccountKey=j/RbtgN+GZcrnVsllrM/lgfLogfNiAKtUzD6BaRxEan0gDG1iQ1C6g676dLVyDQJpi4DkFEbSSwX+AStL6I+LA==",
            "primary_blob_endpoint": "https://stsecurepq5zxa.blob.core.windows.net/",
            "primary_blob_host": "stsecurepq5zxa.blob.core.windows.net",
            "primary_blob_internet_endpoint": "",
            "primary_blob_internet_host": "",
            "primary_blob_microsoft_endpoint": "",
            "primary_blob_microsoft_host": "",
            "primary_connection_string": "DefaultEndpointsProtocol=https;AccountName=stsecurepq5zxa;AccountKey=j/RbtgN+GZcrnVsllrM/lgfLogfNiAKtUzD6BaRxEan0gDG1iQ1C6g676dLVyDQJpi4DkFEbSSwX+AStL6I+LA==;EndpointSuffix=core.windows.net",
            "primary_dfs_endpoint": "https://stsecurepq5zxa.dfs.core.windows.net/",
            "primary_dfs_host": "stsecurepq5zxa.dfs.core.windows.net",
            "primary_dfs_internet_endpoint": "",
            "primary_dfs_internet_host": "",
            "primary_dfs_microsoft_endpoint": "",
            "primary_dfs_microsoft_host": "",
            "primary_file_endpoint": "https://stsecurepq5zxa.file.core.windows.net/",
            "primary_file_host": "stsecurepq5zxa.file.core.windows.net",
            "primary_file_internet_endpoint": "",
            "primary_file_internet_host": "",
            "primary_file_microsoft_endpoint": "",
            "primary_file_microsoft_host": "",
            "primary_location": "canadacentral",
            "primary_queue_endpoint": "https://stsecurepq5zxa.queue.core.windows.net/",
            "primary_queue_host": "stsecurepq5zxa.queue.core.windows.net",
            "primary_queue_microsoft_endpoint": "",
            "primary_queue_microsoft_host": "",
            "primary_table_endpoint": "https://stsecurepq5zxa.table.core.windows.net/",
            "primary_table_host": "stsecurepq5zxa.table.core.windows.net",
            "primary_table_microsoft_endpoint": "",
            "primary_table_microsoft_host": "",
            "primary_web_endpoint": "https://stsecurepq5zxa.z9.web.core.windows.net/",
            "primary_web_host": "stsecurepq5zxa.z9.web.core.windows.net",
            "primary_web_internet_endpoint": "",
            "primary_web_internet_host": "",
            "primary_web_microsoft_endpoint": "",
            "primary_web_microsoft_host": "",
            "provisioned_billing_model_version": "",
            "public_network_access_enabled": true,
            "queue_encryption_key_type": "Service",
            "queue_properties": [
              {
                "cors_rule": [],
                "hour_metrics": [
                  {
                    "enabled": false,
                    "include_apis": false,
                    "retention_policy_days": 0,
                    "version": "1.0"
                  }
                ],
                "logging": [
                  {
                    "delete": false,
                    "read": false,
                    "retention_policy_days": 0,
                    "version": "1.0",
                    "write": false
                  }
                ],
                "minute_metrics": [
                  {
                    "enabled": false,
                    "include_apis": false,
                    "retention_policy_days": 0,
                    "version": "1.0"
                  }
                ]
              }
            ],
            "resource_group_name": "rg-secure-dev",
            "routing": [],
            "sas_policy": [],
            "secondary_access_key": "uNsvUe9rBRbN63tbJ/JLL8dH15qBcVBbc3yfQEdtPV5+tWIPqdHQ1ZppLLSKuJmkLr2u64idR8gy+AStkf4I0A==",
            "secondary_blob_connection_string": "",
            "secondary_blob_endpoint": "",
            "secondary_blob_host": "",
            "secondary_blob_internet_endpoint": "",
            "secondary_blob_internet_host": "",
            "secondary_blob_microsoft_endpoint": "",
            "secondary_blob_microsoft_host": "",
            "secondary_connection_string": "DefaultEndpointsProtocol=https;AccountName=stsecurepq5zxa;AccountKey=uNsvUe9rBRbN63tbJ/JLL8dH15qBcVBbc3yfQEdtPV5+tWIPqdHQ1ZppLLSKuJmkLr2u64idR8gy+AStkf4I0A==;EndpointSuffix=core.windows.net",
            "secondary_dfs_endpoint": "",
            "secondary_dfs_host": "",
            "secondary_dfs_internet_endpoint": "",
            "secondary_dfs_internet_host": "",
            "secondary_dfs_microsoft_endpoint": "",
            "secondary_dfs_microsoft_host": "",
            "secondary_file_endpoint": "",
            "secondary_file_host": "",
            "secondary_file_internet_endpoint": "",
            "secondary_file_internet_host": "",
            "secondary_file_microsoft_endpoint": "",
            "secondary_file_microsoft_host": "",
            "secondary_location": "",
            "secondary_queue_endpoint": "",
            "secondary_queue_host": "",
            "secondary_queue_microsoft_endpoint": "",
            "secondary_queue_microsoft_host": "",
            "secondary_table_endpoint": "",
            "secondary_table_host": "",
            "secondary_table_microsoft_endpoint": "",
            "secondary_table_microsoft_host": "",
            "secondary_web_endpoint": "",
            "secondary_web_host": "",
            "secondary_web_internet_endpoint": "",
            "secondary_web_internet_host": "",
            "secondary_web_microsoft_endpoint": "",
            "secondary_web_microsoft_host": "",
            "sftp_enabled": false,
            "share_properties": [
              {
                "cors_rule": [],
                "retention_policy": [
                  {
                    "days": 7
                  }
                ],
                "smb": []
              }
            ],
            "shared_access_key_enabled": true,
            "static_website": [],
            "table_encryption_key_type": "Service",
            "tags": {
              "Day": "17",
              "Environment": "dev",
              "ManagedBy": "Terraform",
              "Owner": "Solutions Architect",
              "Project": "secure",
              "Security": "KeyVault-Enabled"
            },
            "timeouts": null
          },
          "sensitive_attributes": [
            [
              {
                "type": "get_attr",
                "value": "primary_access_key"
              }
            ],
            [
              {
                "type": "get_attr",
                "value": "primary_blob_connection_string"
              }
            ],
            [
              {
                "type": "get_attr",
                "value": "primary_connection_string"
              }
            ],
            [
              {
                "type": "get_attr",
                "value": "secondary_access_key"
              }
            ],
            [
              {
                "type": "get_attr",
                "value": "secondary_blob_connection_string"
              }
            ],
            [
              {
                "type": "get_attr",
                "value": "secondary_connection_string"
              }
            ]
          ],
          "identity_schema_version": 0,
          "identity": {
            "name": "stsecurepq5zxa",
            "resource_group_name": "rg-secure-dev",
            "subscription_id": "19644874-3e1c-4f4a-8d5f-2901769bf6a7"
          },
          "private": "eyJlMmJmYjczMC1lY2FhLTExZTYtOGY4OC0zNDM2M2JjN2M0YzAiOnsiY3JlYXRlIjozNjAwMDAwMDAwMDAwLCJkZWxldGUiOjM2MDAwMDAwMDAwMDAsInJlYWQiOjMwMDAwMDAwMDAwMCwidXBkYXRlIjozNjAwMDAwMDAwMDAwfSwic2NoZW1hX3ZlcnNpb24iOiI0In0=",
          "dependencies": [
            "azurerm_resource_group.main",
            "random_string.unique"
          ]
        }
      ]
    },
    {
      "mode": "managed",
      "type": "random_password",
      "name": "sql_password",
      "provider": "provider[\"registry.terraform.io/hashicorp/random\"]",
      "instances": [
        {
          "schema_version": 3,
          "attributes": {
            "bcrypt_hash": "$2a$10$r/Dq1pK6tsGNAg3svNXd4.LkQCTmzisdI5OCetIQsK8EwtS3wvIZ.",
            "id": "none",
            "keepers": null,
            "length": 24,
            "lower": true,
            "min_lower": 0,
            "min_numeric": 0,
            "min_special": 0,
            "min_upper": 0,
            "number": true,
            "numeric": true,
            "override_special": null,
            "result": "W37#2S(a4y3LtSqU\u003eYIyq[k-",
            "special": true,
            "upper": true
          },
          "sensitive_attributes": [
            [
              {
                "type": "get_attr",
                "value": "bcrypt_hash"
              }
            ],
            [
              {
                "type": "get_attr",
                "value": "result"
              }
            ]
          ],
          "identity_schema_version": 0
        }
      ]
    },
    {
      "mode": "managed",
      "type": "random_string",
      "name": "unique",
      "provider": "provider[\"registry.terraform.io/hashicorp/random\"]",
      "instances": [
        {
          "schema_version": 2,
          "attributes": {
            "id": "pq5zxa",
            "keepers": null,
            "length": 6,
            "lower": true,
            "min_lower": 0,
            "min_numeric": 0,
            "min_special": 0,
            "min_upper": 0,
            "number": true,
            "numeric": true,
            "override_special": null,
            "result": "pq5zxa",
            "special": false,
            "upper": false
          },
          "sensitive_attributes": [],
          "identity_schema_version": 0
        }
      ]
    }
  ],
  "check_results": [
    {
      "object_kind": "var",
      "config_addr": "var.environment",
      "status": "pass",
      "objects": [
        {
          "object_addr": "var.environment",
          "status": "pass"
        }
      ]
    }
  ]
}
